
Microsoft Visual Studio Solution File, Format Version 12.00
# Visual Studio 15
Project("{FAE04EC0-301F-11D3-BF4B-00C04F79EFBC}") = "UnityEngine.TestRunner", "UnityEngine.TestRunner.csproj", "{5C19F4C9-2D2F-4DC8-383C-5DFCB41CD896}"
EndProject
Project("{FAE04EC0-301F-11D3-BF4B-00C04F79EFBC}") = "Unity.Mathematics", "Unity.Mathematics.csproj", "{8CAC6F97-0C2D-E7AD-AA30-FFBAA5110593}"
EndProject
Project("{FAE04EC0-301F-11D3-BF4B-00C04F79EFBC}") = "Unity.Timeline", "Unity.Timeline.csproj", "{18BA9B85-63C1-A343-8A04-6ED823FA339E}"
EndProject
Project("{FAE04EC0-301F-11D3-BF4B-00C04F79EFBC}") = "UnityEngine.UI", "UnityEngine.UI.csproj", "{E106B05F-CA51-76A5-A8EC-58CE0A9619CE}"
EndProject
Project("{FAE04EC0-301F-11D3-BF4B-00C04F79EFBC}") = "Unity.TextMeshPro", "Unity.TextMeshPro.csproj", "{C92AF9C1-FAED-83DD-82D7-B8DB4BDA090E}"
EndProject
Project("{FAE04EC0-301F-11D3-BF4B-00C04F79EFBC}") = "Unity.2D.Animation.Runtime", "Unity.2D.Animation.Runtime.csproj", "{5AE2C3C3-FD2A-C154-2A1B-6FE39DAF411D}"
EndProject
Project("{FAE04EC0-301F-11D3-BF4B-00C04F79EFBC}") = "Unity.2D.IK.Runtime", "Unity.2D.IK.Runtime.csproj", "{750B585C-DBF5-C2AA-C204-0118E84BB890}"
EndProject
Project("{FAE04EC0-301F-11D3-BF4B-00C04F79EFBC}") = "Unity.2D.SpriteShape.Runtime", "Unity.2D.SpriteShape.Runtime.csproj", "{297ED232-55AA-89FA-E211-C0BB8478AD76}"
EndProject
Project("{FAE04EC0-301F-11D3-BF4B-00C04F79EFBC}") = "Unity.2D.PixelPerfect", "Unity.2D.PixelPerfect.csproj", "{8DE88EAA-F4EB-5EEE-5DBB-1C9B96A59B6A}"
EndProject
Project("{FAE04EC0-301F-11D3-BF4B-00C04F79EFBC}") = "Unity.2D.Common.Runtime", "Unity.2D.Common.Runtime.csproj", "{C67F3593-2981-805B-2840-7C40CBD5C448}"
EndProject
Project("{FAE04EC0-301F-11D3-BF4B-00C04F79EFBC}") = "Unity.InternalAPIEngineBridge.001", "Unity.InternalAPIEngineBridge.001.csproj", "{2CB45BCD-4E80-056D-8A34-7B2F0AE995C3}"
EndProject
Project("{FAE04EC0-301F-11D3-BF4B-00C04F79EFBC}") = "Unity.RenderPipelines.Core.Runtime", "Unity.RenderPipelines.Core.Runtime.csproj", "{064AA5A7-A0B3-4AD0-BDAA-BA8AAB24A46F}"
EndProject
Project("{FAE04EC0-301F-11D3-BF4B-00C04F79EFBC}") = "Unity.RenderPipelines.Universal.Runtime", "Unity.RenderPipelines.Universal.Runtime.csproj", "{C865C5DF-866D-2303-03F1-62ED99CA695F}"
EndProject
Project("{FAE04EC0-301F-11D3-BF4B-00C04F79EFBC}") = "Unity.RenderPipelines.Core.ShaderLibrary", "Unity.RenderPipelines.Core.ShaderLibrary.csproj", "{139DF1B7-8513-26E9-B230-3A0DA3C1A247}"
EndProject
Project("{FAE04EC0-301F-11D3-BF4B-00C04F79EFBC}") = "Unity.RenderPipelines.Universal.Shaders", "Unity.RenderPipelines.Universal.Shaders.csproj", "{2DE8FDF4-3888-14BA-CD51-2467CAF5B6F3}"
EndProject
Project("{FAE04EC0-301F-11D3-BF4B-00C04F79EFBC}") = "Unity.RenderPipelines.ShaderGraph.ShaderGraphLibrary", "Unity.RenderPipelines.ShaderGraph.ShaderGraphLibrary.csproj", "{1B451F3B-262B-5375-C32B-92EC6EFA5979}"
EndProject
Project("{FAE04EC0-301F-11D3-BF4B-00C04F79EFBC}") = "Unity.RenderPipeline.Universal.ShaderLibrary", "Unity.RenderPipeline.Universal.ShaderLibrary.csproj", "{4640B43D-4613-0C7A-BA9F-CF990C9C4425}"
EndProject
Project("{FAE04EC0-301F-11D3-BF4B-00C04F79EFBC}") = "Cinemachine", "Cinemachine.csproj", "{BE0A016C-5DD9-C283-A8E1-28B359249CB3}"
EndProject
Project("{FAE04EC0-301F-11D3-BF4B-00C04F79EFBC}") = "UnityEditor.TestRunner", "UnityEditor.TestRunner.csproj", "{DDF0516C-029C-71B8-6B64-CC6BCD122AD3}"
EndProject
Project("{FAE04EC0-301F-11D3-BF4B-00C04F79EFBC}") = "Unity.PlasticSCM.Editor", "Unity.PlasticSCM.Editor.csproj", "{B138F091-B8A9-D692-5713-165B12D48604}"
EndProject
Project("{FAE04EC0-301F-11D3-BF4B-00C04F79EFBC}") = "Unity.2D.Animation.Triangle.Editor", "Unity.2D.Animation.Triangle.Editor.csproj", "{930D68A4-065C-B8F6-4C8B-256DA461A2AC}"
EndProject
Project("{FAE04EC0-301F-11D3-BF4B-00C04F79EFBC}") = "UnityEditor.UI", "UnityEditor.UI.csproj", "{35A47A0D-8830-0FED-6CAF-16B0BCB95DB8}"
EndProject
Project("{FAE04EC0-301F-11D3-BF4B-00C04F79EFBC}") = "Unity.Services.Core.Editor", "Unity.Services.Core.Editor.csproj", "{6584C0EC-F00D-B89C-AD8E-68CD8986BBCF}"
EndProject
Project("{FAE04EC0-301F-11D3-BF4B-00C04F79EFBC}") = "Unity.Timeline.Editor", "Unity.Timeline.Editor.csproj", "{A93739BE-88C7-893E-5365-95D4E87D73C0}"
EndProject
Project("{FAE04EC0-301F-11D3-BF4B-00C04F79EFBC}") = "Unity.VisualStudio.Editor", "Unity.VisualStudio.Editor.csproj", "{FB42F8C4-EC84-14AD-E7E3-621EF67B4E8A}"
EndProject
Project("{FAE04EC0-301F-11D3-BF4B-00C04F79EFBC}") = "Unity.2D.Psdimporter.Editor", "Unity.2D.Psdimporter.Editor.csproj", "{80AE20AE-2A7B-550D-E3FA-C47C42D18328}"
EndProject
Project("{FAE04EC0-301F-11D3-BF4B-00C04F79EFBC}") = "Unity.2D.Animation.Editor", "Unity.2D.Animation.Editor.csproj", "{D94A1C51-8B5C-B642-C8C5-852264A5BC4E}"
EndProject
Project("{FAE04EC0-301F-11D3-BF4B-00C04F79EFBC}") = "Unity.TextMeshPro.Editor", "Unity.TextMeshPro.Editor.csproj", "{10C699D0-D00D-D6A2-9D61-C4B348692870}"
EndProject
Project("{FAE04EC0-301F-11D3-BF4B-00C04F79EFBC}") = "Unity.2D.SpriteShape.Editor", "Unity.2D.SpriteShape.Editor.csproj", "{2BD29887-4A7E-57AA-352F-7494E1EA1CBC}"
EndProject
Project("{FAE04EC0-301F-11D3-BF4B-00C04F79EFBC}") = "Unity.CollabProxy.Editor", "Unity.CollabProxy.Editor.csproj", "{CEE91E33-380D-2E8B-3A85-40759BE272BF}"
EndProject
Project("{FAE04EC0-301F-11D3-BF4B-00C04F79EFBC}") = "PsdPlugin", "PsdPlugin.csproj", "{64133556-25DD-F5FB-92BF-CBBEB1F08AAB}"
EndProject
Project("{FAE04EC0-301F-11D3-BF4B-00C04F79EFBC}") = "Unity.2D.Path.Editor", "Unity.2D.Path.Editor.csproj", "{A57A1C2D-9AFA-D473-9834-B84917976068}"
EndProject
Project("{FAE04EC0-301F-11D3-BF4B-00C04F79EFBC}") = "Unity.Rider.Editor", "Unity.Rider.Editor.csproj", "{0C6AB512-DFF0-7745-8CC2-EB931A3E3C29}"
EndProject
Project("{FAE04EC0-301F-11D3-BF4B-00C04F79EFBC}") = "Unity.2D.IK.Editor", "Unity.2D.IK.Editor.csproj", "{90D4DFB2-70A0-81BE-8442-A742CD810388}"
EndProject
Project("{FAE04EC0-301F-11D3-BF4B-00C04F79EFBC}") = "Unity.2D.Sprite.Editor", "Unity.2D.Sprite.Editor.csproj", "{D4A2702B-D7EB-A435-ADB5-68AF6819453D}"
EndProject
Project("{FAE04EC0-301F-11D3-BF4B-00C04F79EFBC}") = "Unity.2D.Tilemap.Editor", "Unity.2D.Tilemap.Editor.csproj", "{616B06EB-8740-344D-0468-B555F20E8E3B}"
EndProject
Project("{FAE04EC0-301F-11D3-BF4B-00C04F79EFBC}") = "Unity.2D.PixelPerfect.Editor", "Unity.2D.PixelPerfect.Editor.csproj", "{12C51626-1992-DB36-0C5A-7F3A1DD39A52}"
EndProject
Project("{FAE04EC0-301F-11D3-BF4B-00C04F79EFBC}") = "Unity.VSCode.Editor", "Unity.VSCode.Editor.csproj", "{0DBE4F19-C938-5A2A-C5BC-3FC139EDC930}"
EndProject
Project("{FAE04EC0-301F-11D3-BF4B-00C04F79EFBC}") = "Unity.2D.Common.Editor", "Unity.2D.Common.Editor.csproj", "{B5802E42-4758-2B19-AC8C-40477CC09661}"
EndProject
Project("{FAE04EC0-301F-11D3-BF4B-00C04F79EFBC}") = "Unity.Mathematics.Editor", "Unity.Mathematics.Editor.csproj", "{BFCA45B0-EBE7-5C5C-31F8-90D428775380}"
EndProject
Project("{FAE04EC0-301F-11D3-BF4B-00C04F79EFBC}") = "Unity.InternalAPIEditorBridge.001", "Unity.InternalAPIEditorBridge.001.csproj", "{879D8DC7-A6F3-2712-CD46-68B32CDF798C}"
EndProject
Project("{FAE04EC0-301F-11D3-BF4B-00C04F79EFBC}") = "Unity.ShaderGraph.Editor", "Unity.ShaderGraph.Editor.csproj", "{43402A43-E435-D153-49FF-D4156CD304CD}"
EndProject
Project("{FAE04EC0-301F-11D3-BF4B-00C04F79EFBC}") = "Unity.RenderPipelines.Core.Editor", "Unity.RenderPipelines.Core.Editor.csproj", "{673D71C9-5504-2C73-8CF1-58C83F6EB23F}"
EndProject
Project("{FAE04EC0-301F-11D3-BF4B-00C04F79EFBC}") = "Unity.RenderPipelines.Universal.Editor", "Unity.RenderPipelines.Universal.Editor.csproj", "{15E1B08C-570F-0C3C-6629-823C3146027B}"
EndProject
Project("{FAE04EC0-301F-11D3-BF4B-00C04F79EFBC}") = "Unity.ShaderGraph.Utilities", "Unity.ShaderGraph.Utilities.csproj", "{34D8B0FE-87C9-FED1-4F95-0EFD6954B33D}"
EndProject
Project("{FAE04EC0-301F-11D3-BF4B-00C04F79EFBC}") = "Unity.Searcher.Editor", "Unity.Searcher.Editor.csproj", "{54E89BB0-9E70-B3BE-114D-76A87F1B669A}"
EndProject
Project("{FAE04EC0-301F-11D3-BF4B-00C04F79EFBC}") = "com.unity.cinemachine.editor", "com.unity.cinemachine.editor.csproj", "{C068A2C1-5521-896D-E6A5-C289806B36F2}"
EndProject
Project("{FAE04EC0-301F-11D3-BF4B-00C04F79EFBC}") = "UnityEngine.TestRunner", "UnityEngine.TestRunner.Player.csproj", "{0FB67787-4C97-EBE3-D83E-FE184DF1055E}"
EndProject
Project("{FAE04EC0-301F-11D3-BF4B-00C04F79EFBC}") = "Unity.Mathematics", "Unity.Mathematics.Player.csproj", "{B31C8D78-D094-B0EC-24E4-47F7E4BDE8DC}"
EndProject
Project("{FAE04EC0-301F-11D3-BF4B-00C04F79EFBC}") = "Unity.Timeline", "Unity.Timeline.Player.csproj", "{A7FE5A10-A007-F37E-F848-208246C51843}"
EndProject
Project("{FAE04EC0-301F-11D3-BF4B-00C04F79EFBC}") = "UnityEngine.UI", "UnityEngine.UI.Player.csproj", "{7FA58695-51C6-6990-94EA-9AB9685EB850}"
EndProject
Project("{FAE04EC0-301F-11D3-BF4B-00C04F79EFBC}") = "Unity.TextMeshPro", "Unity.TextMeshPro.Player.csproj", "{80A9A042-C5D6-B498-5856-3FC3CAEBDF95}"
EndProject
Project("{FAE04EC0-301F-11D3-BF4B-00C04F79EFBC}") = "Unity.2D.Animation.Runtime", "Unity.2D.Animation.Runtime.Player.csproj", "{A67BB504-FA50-7AFE-4171-F15AD6770E40}"
EndProject
Project("{FAE04EC0-301F-11D3-BF4B-00C04F79EFBC}") = "Unity.2D.IK.Runtime", "Unity.2D.IK.Runtime.Player.csproj", "{41A74DD9-0E15-A644-1463-CF21108B73E6}"
EndProject
Project("{FAE04EC0-301F-11D3-BF4B-00C04F79EFBC}") = "Unity.2D.SpriteShape.Runtime", "Unity.2D.SpriteShape.Runtime.Player.csproj", "{2C373B84-6F75-A474-50C6-0C8D26736D61}"
EndProject
Project("{FAE04EC0-301F-11D3-BF4B-00C04F79EFBC}") = "Unity.2D.PixelPerfect", "Unity.2D.PixelPerfect.Player.csproj", "{DACAF7FA-2268-F075-A97C-09EE740D059B}"
EndProject
Project("{FAE04EC0-301F-11D3-BF4B-00C04F79EFBC}") = "Unity.2D.Common.Runtime", "Unity.2D.Common.Runtime.Player.csproj", "{61562716-787A-1412-B1C8-4A2D4FC8E562}"
EndProject
Project("{FAE04EC0-301F-11D3-BF4B-00C04F79EFBC}") = "Unity.InternalAPIEngineBridge.001", "Unity.InternalAPIEngineBridge.001.Player.csproj", "{5107F81D-1737-E899-48E7-AE1D0C248B28}"
EndProject
Project("{FAE04EC0-301F-11D3-BF4B-00C04F79EFBC}") = "Unity.RenderPipelines.Core.Runtime", "Unity.RenderPipelines.Core.Runtime.Player.csproj", "{4CE5DA22-697E-C85F-C065-A7C44E13C902}"
EndProject
Project("{FAE04EC0-301F-11D3-BF4B-00C04F79EFBC}") = "Unity.RenderPipelines.Universal.Runtime", "Unity.RenderPipelines.Universal.Runtime.Player.csproj", "{18C68399-6FD6-D6CA-279A-81A9C514F50E}"
EndProject
Project("{FAE04EC0-301F-11D3-BF4B-00C04F79EFBC}") = "Unity.RenderPipelines.Core.ShaderLibrary", "Unity.RenderPipelines.Core.ShaderLibrary.Player.csproj", "{983DEB1D-84DE-CA0F-0827-56E0333F0917}"
EndProject
Project("{FAE04EC0-301F-11D3-BF4B-00C04F79EFBC}") = "Unity.RenderPipelines.Universal.Shaders", "Unity.RenderPipelines.Universal.Shaders.Player.csproj", "{7145D9EB-D065-8485-956D-CF2C4B9ADDFA}"
EndProject
Project("{FAE04EC0-301F-11D3-BF4B-00C04F79EFBC}") = "Unity.RenderPipelines.ShaderGraph.ShaderGraphLibrary", "Unity.RenderPipelines.ShaderGraph.ShaderGraphLibrary.Player.csproj", "{040383BA-84B6-3E30-5EBD-668042E530A1}"
EndProject
Project("{FAE04EC0-301F-11D3-BF4B-00C04F79EFBC}") = "Unity.RenderPipeline.Universal.ShaderLibrary", "Unity.RenderPipeline.Universal.ShaderLibrary.Player.csproj", "{E7C0E552-88B6-0BF4-5026-3C5186357F69}"
EndProject
Project("{FAE04EC0-301F-11D3-BF4B-00C04F79EFBC}") = "Cinemachine", "Cinemachine.Player.csproj", "{D50D177E-3823-DC7A-1FAE-A9FCD73BA787}"
EndProject
Global
	GlobalSection(SolutionConfigurationPlatforms) = preSolution
		Debug|Any CPU = Debug|Any CPU
		Release|Any CPU = Release|Any CPU
	EndGlobalSection
	GlobalSection(ProjectConfigurationPlatforms) = postSolution
		{5C19F4C9-2D2F-4DC8-383C-5DFCB41CD896}.Debug|Any CPU.ActiveCfg = Debug|Any CPU
		{5C19F4C9-2D2F-4DC8-383C-5DFCB41CD896}.Debug|Any CPU.Build.0 = Debug|Any CPU
		{5C19F4C9-2D2F-4DC8-383C-5DFCB41CD896}.Release|Any CPU.ActiveCfg = Release|Any CPU
		{5C19F4C9-2D2F-4DC8-383C-5DFCB41CD896}.Release|Any CPU.Build.0 = Release|Any CPU
		{8CAC6F97-0C2D-E7AD-AA30-FFBAA5110593}.Debug|Any CPU.ActiveCfg = Debug|Any CPU
		{8CAC6F97-0C2D-E7AD-AA30-FFBAA5110593}.Debug|Any CPU.Build.0 = Debug|Any CPU
		{8CAC6F97-0C2D-E7AD-AA30-FFBAA5110593}.Release|Any CPU.ActiveCfg = Release|Any CPU
		{8CAC6F97-0C2D-E7AD-AA30-FFBAA5110593}.Release|Any CPU.Build.0 = Release|Any CPU
		{18BA9B85-63C1-A343-8A04-6ED823FA339E}.Debug|Any CPU.ActiveCfg = Debug|Any CPU
		{18BA9B85-63C1-A343-8A04-6ED823FA339E}.Debug|Any CPU.Build.0 = Debug|Any CPU
		{18BA9B85-63C1-A343-8A04-6ED823FA339E}.Release|Any CPU.ActiveCfg = Release|Any CPU
		{18BA9B85-63C1-A343-8A04-6ED823FA339E}.Release|Any CPU.Build.0 = Release|Any CPU
		{E106B05F-CA51-76A5-A8EC-58CE0A9619CE}.Debug|Any CPU.ActiveCfg = Debug|Any CPU
		{E106B05F-CA51-76A5-A8EC-58CE0A9619CE}.Debug|Any CPU.Build.0 = Debug|Any CPU
		{E106B05F-CA51-76A5-A8EC-58CE0A9619CE}.Release|Any CPU.ActiveCfg = Release|Any CPU
		{E106B05F-CA51-76A5-A8EC-58CE0A9619CE}.Release|Any CPU.Build.0 = Release|Any CPU
		{C92AF9C1-FAED-83DD-82D7-B8DB4BDA090E}.Debug|Any CPU.ActiveCfg = Debug|Any CPU
		{C92AF9C1-FAED-83DD-82D7-B8DB4BDA090E}.Debug|Any CPU.Build.0 = Debug|Any CPU
		{C92AF9C1-FAED-83DD-82D7-B8DB4BDA090E}.Release|Any CPU.ActiveCfg = Release|Any CPU
		{C92AF9C1-FAED-83DD-82D7-B8DB4BDA090E}.Release|Any CPU.Build.0 = Release|Any CPU
		{5AE2C3C3-FD2A-C154-2A1B-6FE39DAF411D}.Debug|Any CPU.ActiveCfg = Debug|Any CPU
		{5AE2C3C3-FD2A-C154-2A1B-6FE39DAF411D}.Debug|Any CPU.Build.0 = Debug|Any CPU
		{5AE2C3C3-FD2A-C154-2A1B-6FE39DAF411D}.Release|Any CPU.ActiveCfg = Release|Any CPU
		{5AE2C3C3-FD2A-C154-2A1B-6FE39DAF411D}.Release|Any CPU.Build.0 = Release|Any CPU
		{750B585C-DBF5-C2AA-C204-0118E84BB890}.Debug|Any CPU.ActiveCfg = Debug|Any CPU
		{750B585C-DBF5-C2AA-C204-0118E84BB890}.Debug|Any CPU.Build.0 = Debug|Any CPU
		{750B585C-DBF5-C2AA-C204-0118E84BB890}.Release|Any CPU.ActiveCfg = Release|Any CPU
		{750B585C-DBF5-C2AA-C204-0118E84BB890}.Release|Any CPU.Build.0 = Release|Any CPU
		{297ED232-55AA-89FA-E211-C0BB8478AD76}.Debug|Any CPU.ActiveCfg = Debug|Any CPU
		{297ED232-55AA-89FA-E211-C0BB8478AD76}.Debug|Any CPU.Build.0 = Debug|Any CPU
		{297ED232-55AA-89FA-E211-C0BB8478AD76}.Release|Any CPU.ActiveCfg = Release|Any CPU
		{297ED232-55AA-89FA-E211-C0BB8478AD76}.Release|Any CPU.Build.0 = Release|Any CPU
		{8DE88EAA-F4EB-5EEE-5DBB-1C9B96A59B6A}.Debug|Any CPU.ActiveCfg = Debug|Any CPU
		{8DE88EAA-F4EB-5EEE-5DBB-1C9B96A59B6A}.Debug|Any CPU.Build.0 = Debug|Any CPU
		{8DE88EAA-F4EB-5EEE-5DBB-1C9B96A59B6A}.Release|Any CPU.ActiveCfg = Release|Any CPU
		{8DE88EAA-F4EB-5EEE-5DBB-1C9B96A59B6A}.Release|Any CPU.Build.0 = Release|Any CPU
		{C67F3593-2981-805B-2840-7C40CBD5C448}.Debug|Any CPU.ActiveCfg = Debug|Any CPU
		{C67F3593-2981-805B-2840-7C40CBD5C448}.Debug|Any CPU.Build.0 = Debug|Any CPU
		{C67F3593-2981-805B-2840-7C40CBD5C448}.Release|Any CPU.ActiveCfg = Release|Any CPU
		{C67F3593-2981-805B-2840-7C40CBD5C448}.Release|Any CPU.Build.0 = Release|Any CPU
		{2CB45BCD-4E80-056D-8A34-7B2F0AE995C3}.Debug|Any CPU.ActiveCfg = Debug|Any CPU
		{2CB45BCD-4E80-056D-8A34-7B2F0AE995C3}.Debug|Any CPU.Build.0 = Debug|Any CPU
		{2CB45BCD-4E80-056D-8A34-7B2F0AE995C3}.Release|Any CPU.ActiveCfg = Release|Any CPU
		{2CB45BCD-4E80-056D-8A34-7B2F0AE995C3}.Release|Any CPU.Build.0 = Release|Any CPU
		{064AA5A7-A0B3-4AD0-BDAA-BA8AAB24A46F}.Debug|Any CPU.ActiveCfg = Debug|Any CPU
		{064AA5A7-A0B3-4AD0-BDAA-BA8AAB24A46F}.Debug|Any CPU.Build.0 = Debug|Any CPU
		{064AA5A7-A0B3-4AD0-BDAA-BA8AAB24A46F}.Release|Any CPU.ActiveCfg = Release|Any CPU
		{064AA5A7-A0B3-4AD0-BDAA-BA8AAB24A46F}.Release|Any CPU.Build.0 = Release|Any CPU
		{C865C5DF-866D-2303-03F1-62ED99CA695F}.Debug|Any CPU.ActiveCfg = Debug|Any CPU
		{C865C5DF-866D-2303-03F1-62ED99CA695F}.Debug|Any CPU.Build.0 = Debug|Any CPU
		{C865C5DF-866D-2303-03F1-62ED99CA695F}.Release|Any CPU.ActiveCfg = Release|Any CPU
		{C865C5DF-866D-2303-03F1-62ED99CA695F}.Release|Any CPU.Build.0 = Release|Any CPU
		{139DF1B7-8513-26E9-B230-3A0DA3C1A247}.Debug|Any CPU.ActiveCfg = Debug|Any CPU
		{139DF1B7-8513-26E9-B230-3A0DA3C1A247}.Debug|Any CPU.Build.0 = Debug|Any CPU
		{139DF1B7-8513-26E9-B230-3A0DA3C1A247}.Release|Any CPU.ActiveCfg = Release|Any CPU
		{139DF1B7-8513-26E9-B230-3A0DA3C1A247}.Release|Any CPU.Build.0 = Release|Any CPU
		{2DE8FDF4-3888-14BA-CD51-2467CAF5B6F3}.Debug|Any CPU.ActiveCfg = Debug|Any CPU
		{2DE8FDF4-3888-14BA-CD51-2467CAF5B6F3}.Debug|Any CPU.Build.0 = Debug|Any CPU
		{2DE8FDF4-3888-14BA-CD51-2467CAF5B6F3}.Release|Any CPU.ActiveCfg = Release|Any CPU
		{2DE8FDF4-3888-14BA-CD51-2467CAF5B6F3}.Release|Any CPU.Build.0 = Release|Any CPU
		{1B451F3B-262B-5375-C32B-92EC6EFA5979}.Debug|Any CPU.ActiveCfg = Debug|Any CPU
		{1B451F3B-262B-5375-C32B-92EC6EFA5979}.Debug|Any CPU.Build.0 = Debug|Any CPU
		{1B451F3B-262B-5375-C32B-92EC6EFA5979}.Release|Any CPU.ActiveCfg = Release|Any CPU
		{1B451F3B-262B-5375-C32B-92EC6EFA5979}.Release|Any CPU.Build.0 = Release|Any CPU
		{4640B43D-4613-0C7A-BA9F-CF990C9C4425}.Debug|Any CPU.ActiveCfg = Debug|Any CPU
		{4640B43D-4613-0C7A-BA9F-CF990C9C4425}.Debug|Any CPU.Build.0 = Debug|Any CPU
		{4640B43D-4613-0C7A-BA9F-CF990C9C4425}.Release|Any CPU.ActiveCfg = Release|Any CPU
		{4640B43D-4613-0C7A-BA9F-CF990C9C4425}.Release|Any CPU.Build.0 = Release|Any CPU
		{BE0A016C-5DD9-C283-A8E1-28B359249CB3}.Debug|Any CPU.ActiveCfg = Debug|Any CPU
		{BE0A016C-5DD9-C283-A8E1-28B359249CB3}.Debug|Any CPU.Build.0 = Debug|Any CPU
		{BE0A016C-5DD9-C283-A8E1-28B359249CB3}.Release|Any CPU.ActiveCfg = Release|Any CPU
		{BE0A016C-5DD9-C283-A8E1-28B359249CB3}.Release|Any CPU.Build.0 = Release|Any CPU
		{DDF0516C-029C-71B8-6B64-CC6BCD122AD3}.Debug|Any CPU.ActiveCfg = Debug|Any CPU
		{DDF0516C-029C-71B8-6B64-CC6BCD122AD3}.Debug|Any CPU.Build.0 = Debug|Any CPU
		{DDF0516C-029C-71B8-6B64-CC6BCD122AD3}.Release|Any CPU.ActiveCfg = Release|Any CPU
		{DDF0516C-029C-71B8-6B64-CC6BCD122AD3}.Release|Any CPU.Build.0 = Release|Any CPU
		{B138F091-B8A9-D692-5713-165B12D48604}.Debug|Any CPU.ActiveCfg = Debug|Any CPU
		{B138F091-B8A9-D692-5713-165B12D48604}.Debug|Any CPU.Build.0 = Debug|Any CPU
		{B138F091-B8A9-D692-5713-165B12D48604}.Release|Any CPU.ActiveCfg = Release|Any CPU
		{B138F091-B8A9-D692-5713-165B12D48604}.Release|Any CPU.Build.0 = Release|Any CPU
		{930D68A4-065C-B8F6-4C8B-256DA461A2AC}.Debug|Any CPU.ActiveCfg = Debug|Any CPU
		{930D68A4-065C-B8F6-4C8B-256DA461A2AC}.Debug|Any CPU.Build.0 = Debug|Any CPU
		{930D68A4-065C-B8F6-4C8B-256DA461A2AC}.Release|Any CPU.ActiveCfg = Release|Any CPU
		{930D68A4-065C-B8F6-4C8B-256DA461A2AC}.Release|Any CPU.Build.0 = Release|Any CPU
		{35A47A0D-8830-0FED-6CAF-16B0BCB95DB8}.Debug|Any CPU.ActiveCfg = Debug|Any CPU
		{35A47A0D-8830-0FED-6CAF-16B0BCB95DB8}.Debug|Any CPU.Build.0 = Debug|Any CPU
		{35A47A0D-8830-0FED-6CAF-16B0BCB95DB8}.Release|Any CPU.ActiveCfg = Release|Any CPU
		{35A47A0D-8830-0FED-6CAF-16B0BCB95DB8}.Release|Any CPU.Build.0 = Release|Any CPU
		{6584C0EC-F00D-B89C-AD8E-68CD8986BBCF}.Debug|Any CPU.ActiveCfg = Debug|Any CPU
		{6584C0EC-F00D-B89C-AD8E-68CD8986BBCF}.Debug|Any CPU.Build.0 = Debug|Any CPU
		{6584C0EC-F00D-B89C-AD8E-68CD8986BBCF}.Release|Any CPU.ActiveCfg = Release|Any CPU
		{6584C0EC-F00D-B89C-AD8E-68CD8986BBCF}.Release|Any CPU.Build.0 = Release|Any CPU
		{A93739BE-88C7-893E-5365-95D4E87D73C0}.Debug|Any CPU.ActiveCfg = Debug|Any CPU
		{A93739BE-88C7-893E-5365-95D4E87D73C0}.Debug|Any CPU.Build.0 = Debug|Any CPU
		{A93739BE-88C7-893E-5365-95D4E87D73C0}.Release|Any CPU.ActiveCfg = Release|Any CPU
		{A93739BE-88C7-893E-5365-95D4E87D73C0}.Release|Any CPU.Build.0 = Release|Any CPU
		{FB42F8C4-EC84-14AD-E7E3-621EF67B4E8A}.Debug|Any CPU.ActiveCfg = Debug|Any CPU
		{FB42F8C4-EC84-14AD-E7E3-621EF67B4E8A}.Debug|Any CPU.Build.0 = Debug|Any CPU
		{FB42F8C4-EC84-14AD-E7E3-621EF67B4E8A}.Release|Any CPU.ActiveCfg = Release|Any CPU
		{FB42F8C4-EC84-14AD-E7E3-621EF67B4E8A}.Release|Any CPU.Build.0 = Release|Any CPU
		{80AE20AE-2A7B-550D-E3FA-C47C42D18328}.Debug|Any CPU.ActiveCfg = Debug|Any CPU
		{80AE20AE-2A7B-550D-E3FA-C47C42D18328}.Debug|Any CPU.Build.0 = Debug|Any CPU
		{80AE20AE-2A7B-550D-E3FA-C47C42D18328}.Release|Any CPU.ActiveCfg = Release|Any CPU
		{80AE20AE-2A7B-550D-E3FA-C47C42D18328}.Release|Any CPU.Build.0 = Release|Any CPU
		{D94A1C51-8B5C-B642-C8C5-852264A5BC4E}.Debug|Any CPU.ActiveCfg = Debug|Any CPU
		{D94A1C51-8B5C-B642-C8C5-852264A5BC4E}.Debug|Any CPU.Build.0 = Debug|Any CPU
		{D94A1C51-8B5C-B642-C8C5-852264A5BC4E}.Release|Any CPU.ActiveCfg = Release|Any CPU
		{D94A1C51-8B5C-B642-C8C5-852264A5BC4E}.Release|Any CPU.Build.0 = Release|Any CPU
		{10C699D0-D00D-D6A2-9D61-C4B348692870}.Debug|Any CPU.ActiveCfg = Debug|Any CPU
		{10C699D0-D00D-D6A2-9D61-C4B348692870}.Debug|Any CPU.Build.0 = Debug|Any CPU
		{10C699D0-D00D-D6A2-9D61-C4B348692870}.Release|Any CPU.ActiveCfg = Release|Any CPU
		{10C699D0-D00D-D6A2-9D61-C4B348692870}.Release|Any CPU.Build.0 = Release|Any CPU
		{2BD29887-4A7E-57AA-352F-7494E1EA1CBC}.Debug|Any CPU.ActiveCfg = Debug|Any CPU
		{2BD29887-4A7E-57AA-352F-7494E1EA1CBC}.Debug|Any CPU.Build.0 = Debug|Any CPU
		{2BD29887-4A7E-57AA-352F-7494E1EA1CBC}.Release|Any CPU.ActiveCfg = Release|Any CPU
		{2BD29887-4A7E-57AA-352F-7494E1EA1CBC}.Release|Any CPU.Build.0 = Release|Any CPU
		{CEE91E33-380D-2E8B-3A85-40759BE272BF}.Debug|Any CPU.ActiveCfg = Debug|Any CPU
		{CEE91E33-380D-2E8B-3A85-40759BE272BF}.Debug|Any CPU.Build.0 = Debug|Any CPU
		{CEE91E33-380D-2E8B-3A85-40759BE272BF}.Release|Any CPU.ActiveCfg = Release|Any CPU
		{CEE91E33-380D-2E8B-3A85-40759BE272BF}.Release|Any CPU.Build.0 = Release|Any CPU
		{64133556-25DD-F5FB-92BF-CBBEB1F08AAB}.Debug|Any CPU.ActiveCfg = Debug|Any CPU
		{64133556-25DD-F5FB-92BF-CBBEB1F08AAB}.Debug|Any CPU.Build.0 = Debug|Any CPU
		{64133556-25DD-F5FB-92BF-CBBEB1F08AAB}.Release|Any CPU.ActiveCfg = Release|Any CPU
		{64133556-25DD-F5FB-92BF-CBBEB1F08AAB}.Release|Any CPU.Build.0 = Release|Any CPU
		{A57A1C2D-9AFA-D473-9834-B84917976068}.Debug|Any CPU.ActiveCfg = Debug|Any CPU
		{A57A1C2D-9AFA-D473-9834-B84917976068}.Debug|Any CPU.Build.0 = Debug|Any CPU
		{A57A1C2D-9AFA-D473-9834-B84917976068}.Release|Any CPU.ActiveCfg = Release|Any CPU
		{A57A1C2D-9AFA-D473-9834-B84917976068}.Release|Any CPU.Build.0 = Release|Any CPU
		{0C6AB512-DFF0-7745-8CC2-EB931A3E3C29}.Debug|Any CPU.ActiveCfg = Debug|Any CPU
		{0C6AB512-DFF0-7745-8CC2-EB931A3E3C29}.Debug|Any CPU.Build.0 = Debug|Any CPU
		{0C6AB512-DFF0-7745-8CC2-EB931A3E3C29}.Release|Any CPU.ActiveCfg = Release|Any CPU
		{0C6AB512-DFF0-7745-8CC2-EB931A3E3C29}.Release|Any CPU.Build.0 = Release|Any CPU
		{90D4DFB2-70A0-81BE-8442-A742CD810388}.Debug|Any CPU.ActiveCfg = Debug|Any CPU
		{90D4DFB2-70A0-81BE-8442-A742CD810388}.Debug|Any CPU.Build.0 = Debug|Any CPU
		{90D4DFB2-70A0-81BE-8442-A742CD810388}.Release|Any CPU.ActiveCfg = Release|Any CPU
		{90D4DFB2-70A0-81BE-8442-A742CD810388}.Release|Any CPU.Build.0 = Release|Any CPU
		{D4A2702B-D7EB-A435-ADB5-68AF6819453D}.Debug|Any CPU.ActiveCfg = Debug|Any CPU
		{D4A2702B-D7EB-A435-ADB5-68AF6819453D}.Debug|Any CPU.Build.0 = Debug|Any CPU
		{D4A2702B-D7EB-A435-ADB5-68AF6819453D}.Release|Any CPU.ActiveCfg = Release|Any CPU
		{D4A2702B-D7EB-A435-ADB5-68AF6819453D}.Release|Any CPU.Build.0 = Release|Any CPU
		{616B06EB-8740-344D-0468-B555F20E8E3B}.Debug|Any CPU.ActiveCfg = Debug|Any CPU
		{616B06EB-8740-344D-0468-B555F20E8E3B}.Debug|Any CPU.Build.0 = Debug|Any CPU
		{616B06EB-8740-344D-0468-B555F20E8E3B}.Release|Any CPU.ActiveCfg = Release|Any CPU
		{616B06EB-8740-344D-0468-B555F20E8E3B}.Release|Any CPU.Build.0 = Release|Any CPU
		{12C51626-1992-DB36-0C5A-7F3A1DD39A52}.Debug|Any CPU.ActiveCfg = Debug|Any CPU
		{12C51626-1992-DB36-0C5A-7F3A1DD39A52}.Debug|Any CPU.Build.0 = Debug|Any CPU
		{12C51626-1992-DB36-0C5A-7F3A1DD39A52}.Release|Any CPU.ActiveCfg = Release|Any CPU
		{12C51626-1992-DB36-0C5A-7F3A1DD39A52}.Release|Any CPU.Build.0 = Release|Any CPU
		{0DBE4F19-C938-5A2A-C5BC-3FC139EDC930}.Debug|Any CPU.ActiveCfg = Debug|Any CPU
		{0DBE4F19-C938-5A2A-C5BC-3FC139EDC930}.Debug|Any CPU.Build.0 = Debug|Any CPU
		{0DBE4F19-C938-5A2A-C5BC-3FC139EDC930}.Release|Any CPU.ActiveCfg = Release|Any CPU
		{0DBE4F19-C938-5A2A-C5BC-3FC139EDC930}.Release|Any CPU.Build.0 = Release|Any CPU
		{B5802E42-4758-2B19-AC8C-40477CC09661}.Debug|Any CPU.ActiveCfg = Debug|Any CPU
		{B5802E42-4758-2B19-AC8C-40477CC09661}.Debug|Any CPU.Build.0 = Debug|Any CPU
		{B5802E42-4758-2B19-AC8C-40477CC09661}.Release|Any CPU.ActiveCfg = Release|Any CPU
		{B5802E42-4758-2B19-AC8C-40477CC09661}.Release|Any CPU.Build.0 = Release|Any CPU
		{BFCA45B0-EBE7-5C5C-31F8-90D428775380}.Debug|Any CPU.ActiveCfg = Debug|Any CPU
		{BFCA45B0-EBE7-5C5C-31F8-90D428775380}.Debug|Any CPU.Build.0 = Debug|Any CPU
		{BFCA45B0-EBE7-5C5C-31F8-90D428775380}.Release|Any CPU.ActiveCfg = Release|Any CPU
		{BFCA45B0-EBE7-5C5C-31F8-90D428775380}.Release|Any CPU.Build.0 = Release|Any CPU
		{879D8DC7-A6F3-2712-CD46-68B32CDF798C}.Debug|Any CPU.ActiveCfg = Debug|Any CPU
		{879D8DC7-A6F3-2712-CD46-68B32CDF798C}.Debug|Any CPU.Build.0 = Debug|Any CPU
		{879D8DC7-A6F3-2712-CD46-68B32CDF798C}.Release|Any CPU.ActiveCfg = Release|Any CPU
		{879D8DC7-A6F3-2712-CD46-68B32CDF798C}.Release|Any CPU.Build.0 = Release|Any CPU
		{43402A43-E435-D153-49FF-D4156CD304CD}.Debug|Any CPU.ActiveCfg = Debug|Any CPU
		{43402A43-E435-D153-49FF-D4156CD304CD}.Debug|Any CPU.Build.0 = Debug|Any CPU
		{43402A43-E435-D153-49FF-D4156CD304CD}.Release|Any CPU.ActiveCfg = Release|Any CPU
		{43402A43-E435-D153-49FF-D4156CD304CD}.Release|Any CPU.Build.0 = Release|Any CPU
		{673D71C9-5504-2C73-8CF1-58C83F6EB23F}.Debug|Any CPU.ActiveCfg = Debug|Any CPU
		{673D71C9-5504-2C73-8CF1-58C83F6EB23F}.Debug|Any CPU.Build.0 = Debug|Any CPU
		{673D71C9-5504-2C73-8CF1-58C83F6EB23F}.Release|Any CPU.ActiveCfg = Release|Any CPU
		{673D71C9-5504-2C73-8CF1-58C83F6EB23F}.Release|Any CPU.Build.0 = Release|Any CPU
		{15E1B08C-570F-0C3C-6629-823C3146027B}.Debug|Any CPU.ActiveCfg = Debug|Any CPU
		{15E1B08C-570F-0C3C-6629-823C3146027B}.Debug|Any CPU.Build.0 = Debug|Any CPU
		{15E1B08C-570F-0C3C-6629-823C3146027B}.Release|Any CPU.ActiveCfg = Release|Any CPU
		{15E1B08C-570F-0C3C-6629-823C3146027B}.Release|Any CPU.Build.0 = Release|Any CPU
		{34D8B0FE-87C9-FED1-4F95-0EFD6954B33D}.Debug|Any CPU.ActiveCfg = Debug|Any CPU
		{34D8B0FE-87C9-FED1-4F95-0EFD6954B33D}.Debug|Any CPU.Build.0 = Debug|Any CPU
		{34D8B0FE-87C9-FED1-4F95-0EFD6954B33D}.Release|Any CPU.ActiveCfg = Release|Any CPU
		{34D8B0FE-87C9-FED1-4F95-0EFD6954B33D}.Release|Any CPU.Build.0 = Release|Any CPU
		{54E89BB0-9E70-B3BE-114D-76A87F1B669A}.Debug|Any CPU.ActiveCfg = Debug|Any CPU
		{54E89BB0-9E70-B3BE-114D-76A87F1B669A}.Debug|Any CPU.Build.0 = Debug|Any CPU
		{54E89BB0-9E70-B3BE-114D-76A87F1B669A}.Release|Any CPU.ActiveCfg = Release|Any CPU
		{54E89BB0-9E70-B3BE-114D-76A87F1B669A}.Release|Any CPU.Build.0 = Release|Any CPU
		{C068A2C1-5521-896D-E6A5-C289806B36F2}.Debug|Any CPU.ActiveCfg = Debug|Any CPU
		{C068A2C1-5521-896D-E6A5-C289806B36F2}.Debug|Any CPU.Build.0 = Debug|Any CPU
		{C068A2C1-5521-896D-E6A5-C289806B36F2}.Release|Any CPU.ActiveCfg = Release|Any CPU
		{C068A2C1-5521-896D-E6A5-C289806B36F2}.Release|Any CPU.Build.0 = Release|Any CPU
		{0FB67787-4C97-EBE3-D83E-FE184DF1055E}.Debug|Any CPU.ActiveCfg = Debug|Any CPU
		{0FB67787-4C97-EBE3-D83E-FE184DF1055E}.Debug|Any CPU.Build.0 = Debug|Any CPU
		{0FB67787-4C97-EBE3-D83E-FE184DF1055E}.Release|Any CPU.ActiveCfg = Release|Any CPU
		{0FB67787-4C97-EBE3-D83E-FE184DF1055E}.Release|Any CPU.Build.0 = Release|Any CPU
		{B31C8D78-D094-B0EC-24E4-47F7E4BDE8DC}.Debug|Any CPU.ActiveCfg = Debug|Any CPU
		{B31C8D78-D094-B0EC-24E4-47F7E4BDE8DC}.Debug|Any CPU.Build.0 = Debug|Any CPU
		{B31C8D78-D094-B0EC-24E4-47F7E4BDE8DC}.Release|Any CPU.ActiveCfg = Release|Any CPU
		{B31C8D78-D094-B0EC-24E4-47F7E4BDE8DC}.Release|Any CPU.Build.0 = Release|Any CPU
		{A7FE5A10-A007-F37E-F848-208246C51843}.Debug|Any CPU.ActiveCfg = Debug|Any CPU
		{A7FE5A10-A007-F37E-F848-208246C51843}.Debug|Any CPU.Build.0 = Debug|Any CPU
		{A7FE5A10-A007-F37E-F848-208246C51843}.Release|Any CPU.ActiveCfg = Release|Any CPU
		{A7FE5A10-A007-F37E-F848-208246C51843}.Release|Any CPU.Build.0 = Release|Any CPU
		{7FA58695-51C6-6990-94EA-9AB9685EB850}.Debug|Any CPU.ActiveCfg = Debug|Any CPU
		{7FA58695-51C6-6990-94EA-9AB9685EB850}.Debug|Any CPU.Build.0 = Debug|Any CPU
		{7FA58695-51C6-6990-94EA-9AB9685EB850}.Release|Any CPU.ActiveCfg = Release|Any CPU
		{7FA58695-51C6-6990-94EA-9AB9685EB850}.Release|Any CPU.Build.0 = Release|Any CPU
		{80A9A042-C5D6-B498-5856-3FC3CAEBDF95}.Debug|Any CPU.ActiveCfg = Debug|Any CPU
		{80A9A042-C5D6-B498-5856-3FC3CAEBDF95}.Debug|Any CPU.Build.0 = Debug|Any CPU
		{80A9A042-C5D6-B498-5856-3FC3CAEBDF95}.Release|Any CPU.ActiveCfg = Release|Any CPU
		{80A9A042-C5D6-B498-5856-3FC3CAEBDF95}.Release|Any CPU.Build.0 = Release|Any CPU
		{A67BB504-FA50-7AFE-4171-F15AD6770E40}.Debug|Any CPU.ActiveCfg = Debug|Any CPU
		{A67BB504-FA50-7AFE-4171-F15AD6770E40}.Debug|Any CPU.Build.0 = Debug|Any CPU
		{A67BB504-FA50-7AFE-4171-F15AD6770E40}.Release|Any CPU.ActiveCfg = Release|Any CPU
		{A67BB504-FA50-7AFE-4171-F15AD6770E40}.Release|Any CPU.Build.0 = Release|Any CPU
		{41A74DD9-0E15-A644-1463-CF21108B73E6}.Debug|Any CPU.ActiveCfg = Debug|Any CPU
		{41A74DD9-0E15-A644-1463-CF21108B73E6}.Debug|Any CPU.Build.0 = Debug|Any CPU
		{41A74DD9-0E15-A644-1463-CF21108B73E6}.Release|Any CPU.ActiveCfg = Release|Any CPU
		{41A74DD9-0E15-A644-1463-CF21108B73E6}.Release|Any CPU.Build.0 = Release|Any CPU
		{2C373B84-6F75-A474-50C6-0C8D26736D61}.Debug|Any CPU.ActiveCfg = Debug|Any CPU
		{2C373B84-6F75-A474-50C6-0C8D26736D61}.Debug|Any CPU.Build.0 = Debug|Any CPU
		{2C373B84-6F75-A474-50C6-0C8D26736D61}.Release|Any CPU.ActiveCfg = Release|Any CPU
		{2C373B84-6F75-A474-50C6-0C8D26736D61}.Release|Any CPU.Build.0 = Release|Any CPU
		{DACAF7FA-2268-F075-A97C-09EE740D059B}.Debug|Any CPU.ActiveCfg = Debug|Any CPU
		{DACAF7FA-2268-F075-A97C-09EE740D059B}.Debug|Any CPU.Build.0 = Debug|Any CPU
		{DACAF7FA-2268-F075-A97C-09EE740D059B}.Release|Any CPU.ActiveCfg = Release|Any CPU
		{DACAF7FA-2268-F075-A97C-09EE740D059B}.Release|Any CPU.Build.0 = Release|Any CPU
		{61562716-787A-1412-B1C8-4A2D4FC8E562}.Debug|Any CPU.ActiveCfg = Debug|Any CPU
		{61562716-787A-1412-B1C8-4A2D4FC8E562}.Debug|Any CPU.Build.0 = Debug|Any CPU
		{61562716-787A-1412-B1C8-4A2D4FC8E562}.Release|Any CPU.ActiveCfg = Release|Any CPU
		{61562716-787A-1412-B1C8-4A2D4FC8E562}.Release|Any CPU.Build.0 = Release|Any CPU
		{5107F81D-1737-E899-48E7-AE1D0C248B28}.Debug|Any CPU.ActiveCfg = Debug|Any CPU
		{5107F81D-1737-E899-48E7-AE1D0C248B28}.Debug|Any CPU.Build.0 = Debug|Any CPU
		{5107F81D-1737-E899-48E7-AE1D0C248B28}.Release|Any CPU.ActiveCfg = Release|Any CPU
		{5107F81D-1737-E899-48E7-AE1D0C248B28}.Release|Any CPU.Build.0 = Release|Any CPU
		{4CE5DA22-697E-C85F-C065-A7C44E13C902}.Debug|Any CPU.ActiveCfg = Debug|Any CPU
		{4CE5DA22-697E-C85F-C065-A7C44E13C902}.Debug|Any CPU.Build.0 = Debug|Any CPU
		{4CE5DA22-697E-C85F-C065-A7C44E13C902}.Release|Any CPU.ActiveCfg = Release|Any CPU
		{4CE5DA22-697E-C85F-C065-A7C44E13C902}.Release|Any CPU.Build.0 = Release|Any CPU
		{18C68399-6FD6-D6CA-279A-81A9C514F50E}.Debug|Any CPU.ActiveCfg = Debug|Any CPU
		{18C68399-6FD6-D6CA-279A-81A9C514F50E}.Debug|Any CPU.Build.0 = Debug|Any CPU
		{18C68399-6FD6-D6CA-279A-81A9C514F50E}.Release|Any CPU.ActiveCfg = Release|Any CPU
		{18C68399-6FD6-D6CA-279A-81A9C514F50E}.Release|Any CPU.Build.0 = Release|Any CPU
		{983DEB1D-84DE-CA0F-0827-56E0333F0917}.Debug|Any CPU.ActiveCfg = Debug|Any CPU
		{983DEB1D-84DE-CA0F-0827-56E0333F0917}.Debug|Any CPU.Build.0 = Debug|Any CPU
		{983DEB1D-84DE-CA0F-0827-56E0333F0917}.Release|Any CPU.ActiveCfg = Release|Any CPU
		{983DEB1D-84DE-CA0F-0827-56E0333F0917}.Release|Any CPU.Build.0 = Release|Any CPU
		{7145D9EB-D065-8485-956D-CF2C4B9ADDFA}.Debug|Any CPU.ActiveCfg = Debug|Any CPU
		{7145D9EB-D065-8485-956D-CF2C4B9ADDFA}.Debug|Any CPU.Build.0 = Debug|Any CPU
		{7145D9EB-D065-8485-956D-CF2C4B9ADDFA}.Release|Any CPU.ActiveCfg = Release|Any CPU
		{7145D9EB-D065-8485-956D-CF2C4B9ADDFA}.Release|Any CPU.Build.0 = Release|Any CPU
		{040383BA-84B6-3E30-5EBD-668042E530A1}.Debug|Any CPU.ActiveCfg = Debug|Any CPU
		{040383BA-84B6-3E30-5EBD-668042E530A1}.Debug|Any CPU.Build.0 = Debug|Any CPU
		{040383BA-84B6-3E30-5EBD-668042E530A1}.Release|Any CPU.ActiveCfg = Release|Any CPU
		{040383BA-84B6-3E30-5EBD-668042E530A1}.Release|Any CPU.Build.0 = Release|Any CPU
		{E7C0E552-88B6-0BF4-5026-3C5186357F69}.Debug|Any CPU.ActiveCfg = Debug|Any CPU
		{E7C0E552-88B6-0BF4-5026-3C5186357F69}.Debug|Any CPU.Build.0 = Debug|Any CPU
		{E7C0E552-88B6-0BF4-5026-3C5186357F69}.Release|Any CPU.ActiveCfg = Release|Any CPU
		{E7C0E552-88B6-0BF4-5026-3C5186357F69}.Release|Any CPU.Build.0 = Release|Any CPU
		{D50D177E-3823-DC7A-1FAE-A9FCD73BA787}.Debug|Any CPU.ActiveCfg = Debug|Any CPU
		{D50D177E-3823-DC7A-1FAE-A9FCD73BA787}.Debug|Any CPU.Build.0 = Debug|Any CPU
		{D50D177E-3823-DC7A-1FAE-A9FCD73BA787}.Release|Any CPU.ActiveCfg = Release|Any CPU
		{D50D177E-3823-DC7A-1FAE-A9FCD73BA787}.Release|Any CPU.Build.0 = Release|Any CPU
	EndGlobalSection
	GlobalSection(SolutionProperties) = preSolution
		HideSolutionNode = FALSE
	EndGlobalSection
EndGlobal
